
Microsoft Visual Studio Solution File, Format Version 12.00
# Visual Studio 15
VisualStudioVersion = 15.0.28010.2048
MinimumVisualStudioVersion = 10.0.40219.1
Project("{FAE04EC0-301F-11D3-BF4B-00C04F79EFBC}") = "MySite", "MySite\MySite.csproj", "{AF0B3080-36B6-4062-997D-68484AB97C26}"
EndProject
Global
	GlobalSection(SolutionConfigurationPlatforms) = preSolution
		Debug|Any CPU = Debug|Any CPU
		Release|Any CPU = Release|Any CPU
	EndGlobalSection
	GlobalSection(ProjectConfigurationPlatforms) = postSolution
		{AF0B3080-36B6-4062-997D-68484AB97C26}.Debug|Any CPU.ActiveCfg = Debug|Any CPU
		{AF0B3080-36B6-4062-997D-68484AB97C26}.Debug|Any CPU.Build.0 = Debug|Any CPU
		{AF0B3080-36B6-4062-997D-68484AB97C26}.Release|Any CPU.ActiveCfg = Release|Any CPU
		{AF0B3080-36B6-4062-997D-68484AB97C26}.Release|Any CPU.Build.0 = Release|Any CPU
	EndGlobalSection
	GlobalSection(SolutionProperties) = preSolution
		HideSolutionNode = FALSE
	EndGlobalSection
	GlobalSection(ExtensibilityGlobals) = postSolution
		SolutionGuid = {CFF28A72-BC32-4848-BE33-284048995B49}
	EndGlobalSection
EndGlobal
